// !$*UTF8*$!
{
	archiveVersion = 1;
	classes = {
	};
	objectVersion = 48;
	objects = {

/* Begin PBXBuildFile section */
		4E92F31E20375CB30020C709 /* BaseViewController.swift in Sources */ = {isa = PBXBuildFile; fileRef = 4E92F31D20375CB30020C709 /* BaseViewController.swift */; };
		4E92F32020375CC30020C709 /* ServiceManager.swift in Sources */ = {isa = PBXBuildFile; fileRef = 4E92F31F20375CC30020C709 /* ServiceManager.swift */; };
		4E92F32220375CDA0020C709 /* RequestTarget.swift in Sources */ = {isa = PBXBuildFile; fileRef = 4E92F32120375CDA0020C709 /* RequestTarget.swift */; };
		4E92F324203761D10020C709 /* ResponseModel.swift in Sources */ = {isa = PBXBuildFile; fileRef = 4E92F323203761D10020C709 /* ResponseModel.swift */; };
		4E92F32A203764670020C709 /* LoadingView.swift in Sources */ = {isa = PBXBuildFile; fileRef = 4E92F329203764670020C709 /* LoadingView.swift */; };
		4E92F32D203769790020C709 /* LocationManager.swift in Sources */ = {isa = PBXBuildFile; fileRef = 4E92F32C203769790020C709 /* LocationManager.swift */; };
		4E92F32F20376A830020C709 /* MapViewController.swift in Sources */ = {isa = PBXBuildFile; fileRef = 4E92F32E20376A830020C709 /* MapViewController.swift */; };
		4E92F33220379F870020C709 /* CommonTableViewController.swift in Sources */ = {isa = PBXBuildFile; fileRef = 4E92F33120379F870020C709 /* CommonTableViewController.swift */; };
		4E92F3372037A0680020C709 /* PackTableViewCell.swift in Sources */ = {isa = PBXBuildFile; fileRef = 4E92F3352037A0680020C709 /* PackTableViewCell.swift */; };
		4E92F3382037A0680020C709 /* PackTableViewCell.xib in Resources */ = {isa = PBXBuildFile; fileRef = 4E92F3362037A0680020C709 /* PackTableViewCell.xib */; };
		4E92F33C2037A6640020C709 /* StateTableViewCell.swift in Sources */ = {isa = PBXBuildFile; fileRef = 4E92F33A2037A6640020C709 /* StateTableViewCell.swift */; };
		4E92F33D2037A6640020C709 /* StateTableViewCell.xib in Resources */ = {isa = PBXBuildFile; fileRef = 4E92F33B2037A6640020C709 /* StateTableViewCell.xib */; };
		4E92F3402037A6880020C709 /* CommonTableViewCell.swift in Sources */ = {isa = PBXBuildFile; fileRef = 4E92F33F2037A6880020C709 /* CommonTableViewCell.swift */; };
		4E92F3442037A8CD0020C709 /* TravelTableViewCell.swift in Sources */ = {isa = PBXBuildFile; fileRef = 4E92F3422037A8CD0020C709 /* TravelTableViewCell.swift */; };
		4E92F3452037A8CD0020C709 /* TravelTableViewCell.xib in Resources */ = {isa = PBXBuildFile; fileRef = 4E92F3432037A8CD0020C709 /* TravelTableViewCell.xib */; };
		4E92F3482037AA710020C709 /* PackTableViewController.swift in Sources */ = {isa = PBXBuildFile; fileRef = 4E92F3472037AA710020C709 /* PackTableViewController.swift */; };
		4E92F34A2037AA810020C709 /* StateTableViewController.swift in Sources */ = {isa = PBXBuildFile; fileRef = 4E92F3492037AA810020C709 /* StateTableViewController.swift */; };
		4E92F34C2037AA8F0020C709 /* TravelTableViewController.swift in Sources */ = {isa = PBXBuildFile; fileRef = 4E92F34B2037AA8F0020C709 /* TravelTableViewController.swift */; };
		4E92F34F2037B1CC0020C709 /* CommonCellViewModel.swift in Sources */ = {isa = PBXBuildFile; fileRef = 4E92F34E2037B1CC0020C709 /* CommonCellViewModel.swift */; };
		4E92F3522037C3190020C709 /* UserModel.swift in Sources */ = {isa = PBXBuildFile; fileRef = 4E92F3512037C3190020C709 /* UserModel.swift */; };
		4E92F3552037C33A0020C709 /* BaseModel.swift in Sources */ = {isa = PBXBuildFile; fileRef = 4E92F3542037C33A0020C709 /* BaseModel.swift */; };
		4E92F3582037C5920020C709 /* PackTableViewModel.swift in Sources */ = {isa = PBXBuildFile; fileRef = 4E92F3572037C5920020C709 /* PackTableViewModel.swift */; };
		4E92F35A2037C5B40020C709 /* BaseViewModel.swift in Sources */ = {isa = PBXBuildFile; fileRef = 4E92F3592037C5B40020C709 /* BaseViewModel.swift */; };
		4E92F35C2037C6270020C709 /* String.swift in Sources */ = {isa = PBXBuildFile; fileRef = 4E92F35B2037C6270020C709 /* String.swift */; };
		4E92F3602037C6EE0020C709 /* PackCellViewModel.swift in Sources */ = {isa = PBXBuildFile; fileRef = 4E92F35F2037C6EE0020C709 /* PackCellViewModel.swift */; };
		4E92F3642037C9190020C709 /* FilterViewController.swift in Sources */ = {isa = PBXBuildFile; fileRef = 4E92F3632037C9190020C709 /* FilterViewController.swift */; };
		4E92F3662037F00A0020C709 /* FilterManager.swift in Sources */ = {isa = PBXBuildFile; fileRef = 4E92F3652037F00A0020C709 /* FilterManager.swift */; };
		4E92F3682037F0920020C709 /* FilterModel.swift in Sources */ = {isa = PBXBuildFile; fileRef = 4E92F3672037F0920020C709 /* FilterModel.swift */; };
		4E92F36C2037FDA10020C709 /* TextField.swift in Sources */ = {isa = PBXBuildFile; fileRef = 4E92F36B2037FDA10020C709 /* TextField.swift */; };
		4E92F371203813A60020C709 /* Date.swift in Sources */ = {isa = PBXBuildFile; fileRef = 4E92F370203813A60020C709 /* Date.swift */; };
		4E92F37520383B760020C709 /* SelectRequestViewController.swift in Sources */ = {isa = PBXBuildFile; fileRef = 4E92F37420383B760020C709 /* SelectRequestViewController.swift */; };
		4E92F3772038405E0020C709 /* UIViewController.swift in Sources */ = {isa = PBXBuildFile; fileRef = 4E92F3762038405E0020C709 /* UIViewController.swift */; };
		4E92F379203842C70020C709 /* RequestStateTableViewCell.xib in Resources */ = {isa = PBXBuildFile; fileRef = 4E92F378203842C70020C709 /* RequestStateTableViewCell.xib */; };
		4E92F37D2038497D0020C709 /* RequestTableViewCell.swift in Sources */ = {isa = PBXBuildFile; fileRef = 4E92F37B2038497D0020C709 /* RequestTableViewCell.swift */; };
		4E92F37E2038497D0020C709 /* RequestTableViewCell.xib in Resources */ = {isa = PBXBuildFile; fileRef = 4E92F37C2038497D0020C709 /* RequestTableViewCell.xib */; };
		4E92F38020384D080020C709 /* SelectRequestTableViewModel.swift in Sources */ = {isa = PBXBuildFile; fileRef = 4E92F37F20384D080020C709 /* SelectRequestTableViewModel.swift */; };
		4E92F3832038551A0020C709 /* SelectRequestCellViewModel.swift in Sources */ = {isa = PBXBuildFile; fileRef = 4E92F3822038551A0020C709 /* SelectRequestCellViewModel.swift */; };
		4E92F385203859E20020C709 /* TravelModel.swift in Sources */ = {isa = PBXBuildFile; fileRef = 4E92F384203859E20020C709 /* TravelModel.swift */; };
		4E92F38720385B340020C709 /* PackModel.swift in Sources */ = {isa = PBXBuildFile; fileRef = 4E92F38620385B340020C709 /* PackModel.swift */; };
		4E92F38A20385B5A0020C709 /* ActivityModel.swift in Sources */ = {isa = PBXBuildFile; fileRef = 4E92F38920385B5A0020C709 /* ActivityModel.swift */; };
		4E92F38D20385D960020C709 /* ActivityStateModel.swift in Sources */ = {isa = PBXBuildFile; fileRef = 4E92F38C20385D960020C709 /* ActivityStateModel.swift */; };
		4E92F38F20385E5B0020C709 /* RequestStateModel.swift in Sources */ = {isa = PBXBuildFile; fileRef = 4E92F38E20385E5B0020C709 /* RequestStateModel.swift */; };
		4E92F39120385FBB0020C709 /* DealStateModel.swift in Sources */ = {isa = PBXBuildFile; fileRef = 4E92F39020385FBB0020C709 /* DealStateModel.swift */; };
		4EC3D6CA20375545007818D9 /* AppDelegate.swift in Sources */ = {isa = PBXBuildFile; fileRef = 4EC3D6C920375545007818D9 /* AppDelegate.swift */; };
		4EC3D6CF20375545007818D9 /* Main.storyboard in Resources */ = {isa = PBXBuildFile; fileRef = 4EC3D6CD20375545007818D9 /* Main.storyboard */; };
		4EC3D6D120375545007818D9 /* Assets.xcassets in Resources */ = {isa = PBXBuildFile; fileRef = 4EC3D6D020375545007818D9 /* Assets.xcassets */; };
		4EC3D6D420375545007818D9 /* LaunchScreen.storyboard in Resources */ = {isa = PBXBuildFile; fileRef = 4EC3D6D220375545007818D9 /* LaunchScreen.storyboard */; };
		4EC3D6DF20375545007818D9 /* getirTests.swift in Sources */ = {isa = PBXBuildFile; fileRef = 4EC3D6DE20375545007818D9 /* getirTests.swift */; };
		4EC3D6EA20375545007818D9 /* getirUITests.swift in Sources */ = {isa = PBXBuildFile; fileRef = 4EC3D6E920375545007818D9 /* getirUITests.swift */; };
		5EDD45658DA51CA245013D4F /* Pods_getir.framework in Frameworks */ = {isa = PBXBuildFile; fileRef = 6B8ED7A3B9DAA4224D6332EA /* Pods_getir.framework */; };
		B2C533A476E72C5A57E50F3F /* Pods_getirUITests.framework in Frameworks */ = {isa = PBXBuildFile; fileRef = 52EE9207596A6424022A4469 /* Pods_getirUITests.framework */; };
		ED50645E785F033292970C47 /* Pods_getirTests.framework in Frameworks */ = {isa = PBXBuildFile; fileRef = D1B2878DAF5FCC6A2AC4D1F3 /* Pods_getirTests.framework */; };
/* End PBXBuildFile section */

/* Begin PBXContainerItemProxy section */
		4EC3D6DB20375545007818D9 /* PBXContainerItemProxy */ = {
			isa = PBXContainerItemProxy;
			containerPortal = 4EC3D6BE20375545007818D9 /* Project object */;
			proxyType = 1;
			remoteGlobalIDString = 4EC3D6C520375545007818D9;
			remoteInfo = getir;
		};
		4EC3D6E620375545007818D9 /* PBXContainerItemProxy */ = {
			isa = PBXContainerItemProxy;
			containerPortal = 4EC3D6BE20375545007818D9 /* Project object */;
			proxyType = 1;
			remoteGlobalIDString = 4EC3D6C520375545007818D9;
			remoteInfo = getir;
		};
/* End PBXContainerItemProxy section */

/* Begin PBXFileReference section */
		23AECF9687B3F169B49DA22B /* Pods-getirTests.release.xcconfig */ = {isa = PBXFileReference; includeInIndex = 1; lastKnownFileType = text.xcconfig; name = "Pods-getirTests.release.xcconfig"; path = "Pods/Target Support Files/Pods-getirTests/Pods-getirTests.release.xcconfig"; sourceTree = "<group>"; };
		3283F3AAA716C120C6514EEE /* Pods-getir.debug.xcconfig */ = {isa = PBXFileReference; includeInIndex = 1; lastKnownFileType = text.xcconfig; name = "Pods-getir.debug.xcconfig"; path = "Pods/Target Support Files/Pods-getir/Pods-getir.debug.xcconfig"; sourceTree = "<group>"; };
		4E92F31D20375CB30020C709 /* BaseViewController.swift */ = {isa = PBXFileReference; lastKnownFileType = sourcecode.swift; path = BaseViewController.swift; sourceTree = "<group>"; };
		4E92F31F20375CC30020C709 /* ServiceManager.swift */ = {isa = PBXFileReference; lastKnownFileType = sourcecode.swift; path = ServiceManager.swift; sourceTree = "<group>"; };
		4E92F32120375CDA0020C709 /* RequestTarget.swift */ = {isa = PBXFileReference; lastKnownFileType = sourcecode.swift; path = RequestTarget.swift; sourceTree = "<group>"; };
		4E92F323203761D10020C709 /* ResponseModel.swift */ = {isa = PBXFileReference; lastKnownFileType = sourcecode.swift; path = ResponseModel.swift; sourceTree = "<group>"; };
		4E92F329203764670020C709 /* LoadingView.swift */ = {isa = PBXFileReference; lastKnownFileType = sourcecode.swift; path = LoadingView.swift; sourceTree = "<group>"; };
		4E92F32C203769790020C709 /* LocationManager.swift */ = {isa = PBXFileReference; lastKnownFileType = sourcecode.swift; path = LocationManager.swift; sourceTree = "<group>"; };
		4E92F32E20376A830020C709 /* MapViewController.swift */ = {isa = PBXFileReference; lastKnownFileType = sourcecode.swift; path = MapViewController.swift; sourceTree = "<group>"; };
		4E92F33120379F870020C709 /* CommonTableViewController.swift */ = {isa = PBXFileReference; lastKnownFileType = sourcecode.swift; path = CommonTableViewController.swift; sourceTree = "<group>"; };
		4E92F3352037A0680020C709 /* PackTableViewCell.swift */ = {isa = PBXFileReference; lastKnownFileType = sourcecode.swift; path = PackTableViewCell.swift; sourceTree = "<group>"; };
		4E92F3362037A0680020C709 /* PackTableViewCell.xib */ = {isa = PBXFileReference; lastKnownFileType = file.xib; path = PackTableViewCell.xib; sourceTree = "<group>"; };
		4E92F33A2037A6640020C709 /* StateTableViewCell.swift */ = {isa = PBXFileReference; lastKnownFileType = sourcecode.swift; path = StateTableViewCell.swift; sourceTree = "<group>"; };
		4E92F33B2037A6640020C709 /* StateTableViewCell.xib */ = {isa = PBXFileReference; lastKnownFileType = file.xib; path = StateTableViewCell.xib; sourceTree = "<group>"; };
		4E92F33F2037A6880020C709 /* CommonTableViewCell.swift */ = {isa = PBXFileReference; lastKnownFileType = sourcecode.swift; path = CommonTableViewCell.swift; sourceTree = "<group>"; };
		4E92F3422037A8CD0020C709 /* TravelTableViewCell.swift */ = {isa = PBXFileReference; lastKnownFileType = sourcecode.swift; path = TravelTableViewCell.swift; sourceTree = "<group>"; };
		4E92F3432037A8CD0020C709 /* TravelTableViewCell.xib */ = {isa = PBXFileReference; lastKnownFileType = file.xib; path = TravelTableViewCell.xib; sourceTree = "<group>"; };
		4E92F3472037AA710020C709 /* PackTableViewController.swift */ = {isa = PBXFileReference; lastKnownFileType = sourcecode.swift; path = PackTableViewController.swift; sourceTree = "<group>"; };
		4E92F3492037AA810020C709 /* StateTableViewController.swift */ = {isa = PBXFileReference; lastKnownFileType = sourcecode.swift; path = StateTableViewController.swift; sourceTree = "<group>"; };
		4E92F34B2037AA8F0020C709 /* TravelTableViewController.swift */ = {isa = PBXFileReference; lastKnownFileType = sourcecode.swift; path = TravelTableViewController.swift; sourceTree = "<group>"; };
		4E92F34E2037B1CC0020C709 /* CommonCellViewModel.swift */ = {isa = PBXFileReference; lastKnownFileType = sourcecode.swift; path = CommonCellViewModel.swift; sourceTree = "<group>"; };
		4E92F3512037C3190020C709 /* UserModel.swift */ = {isa = PBXFileReference; lastKnownFileType = sourcecode.swift; path = UserModel.swift; sourceTree = "<group>"; };
		4E92F3542037C33A0020C709 /* BaseModel.swift */ = {isa = PBXFileReference; lastKnownFileType = sourcecode.swift; path = BaseModel.swift; sourceTree = "<group>"; };
		4E92F3572037C5920020C709 /* PackTableViewModel.swift */ = {isa = PBXFileReference; lastKnownFileType = sourcecode.swift; path = PackTableViewModel.swift; sourceTree = "<group>"; };
		4E92F3592037C5B40020C709 /* BaseViewModel.swift */ = {isa = PBXFileReference; lastKnownFileType = sourcecode.swift; path = BaseViewModel.swift; sourceTree = "<group>"; };
		4E92F35B2037C6270020C709 /* String.swift */ = {isa = PBXFileReference; lastKnownFileType = sourcecode.swift; path = String.swift; sourceTree = "<group>"; };
		4E92F35F2037C6EE0020C709 /* PackCellViewModel.swift */ = {isa = PBXFileReference; lastKnownFileType = sourcecode.swift; path = PackCellViewModel.swift; sourceTree = "<group>"; };
		4E92F3632037C9190020C709 /* FilterViewController.swift */ = {isa = PBXFileReference; lastKnownFileType = sourcecode.swift; path = FilterViewController.swift; sourceTree = "<group>"; };
		4E92F3652037F00A0020C709 /* FilterManager.swift */ = {isa = PBXFileReference; lastKnownFileType = sourcecode.swift; path = FilterManager.swift; sourceTree = "<group>"; };
		4E92F3672037F0920020C709 /* FilterModel.swift */ = {isa = PBXFileReference; lastKnownFileType = sourcecode.swift; path = FilterModel.swift; sourceTree = "<group>"; };
		4E92F36B2037FDA10020C709 /* TextField.swift */ = {isa = PBXFileReference; lastKnownFileType = sourcecode.swift; path = TextField.swift; sourceTree = "<group>"; };
		4E92F370203813A60020C709 /* Date.swift */ = {isa = PBXFileReference; lastKnownFileType = sourcecode.swift; path = Date.swift; sourceTree = "<group>"; };
		4E92F37420383B760020C709 /* SelectRequestViewController.swift */ = {isa = PBXFileReference; lastKnownFileType = sourcecode.swift; path = SelectRequestViewController.swift; sourceTree = "<group>"; };
		4E92F3762038405E0020C709 /* UIViewController.swift */ = {isa = PBXFileReference; lastKnownFileType = sourcecode.swift; path = UIViewController.swift; sourceTree = "<group>"; };
		4E92F378203842C70020C709 /* RequestStateTableViewCell.xib */ = {isa = PBXFileReference; lastKnownFileType = file.xib; path = RequestStateTableViewCell.xib; sourceTree = "<group>"; };
		4E92F37B2038497D0020C709 /* RequestTableViewCell.swift */ = {isa = PBXFileReference; lastKnownFileType = sourcecode.swift; path = RequestTableViewCell.swift; sourceTree = "<group>"; };
		4E92F37C2038497D0020C709 /* RequestTableViewCell.xib */ = {isa = PBXFileReference; lastKnownFileType = file.xib; path = RequestTableViewCell.xib; sourceTree = "<group>"; };
		4E92F37F20384D080020C709 /* SelectRequestTableViewModel.swift */ = {isa = PBXFileReference; lastKnownFileType = sourcecode.swift; path = SelectRequestTableViewModel.swift; sourceTree = "<group>"; };
		4E92F3822038551A0020C709 /* SelectRequestCellViewModel.swift */ = {isa = PBXFileReference; lastKnownFileType = sourcecode.swift; path = SelectRequestCellViewModel.swift; sourceTree = "<group>"; };
		4E92F384203859E20020C709 /* TravelModel.swift */ = {isa = PBXFileReference; lastKnownFileType = sourcecode.swift; path = TravelModel.swift; sourceTree = "<group>"; };
		4E92F38620385B340020C709 /* PackModel.swift */ = {isa = PBXFileReference; lastKnownFileType = sourcecode.swift; path = PackModel.swift; sourceTree = "<group>"; };
		4E92F38920385B5A0020C709 /* ActivityModel.swift */ = {isa = PBXFileReference; lastKnownFileType = sourcecode.swift; path = ActivityModel.swift; sourceTree = "<group>"; };
		4E92F38C20385D960020C709 /* ActivityStateModel.swift */ = {isa = PBXFileReference; lastKnownFileType = sourcecode.swift; path = ActivityStateModel.swift; sourceTree = "<group>"; };
		4E92F38E20385E5B0020C709 /* RequestStateModel.swift */ = {isa = PBXFileReference; lastKnownFileType = sourcecode.swift; path = RequestStateModel.swift; sourceTree = "<group>"; };
		4E92F39020385FBB0020C709 /* DealStateModel.swift */ = {isa = PBXFileReference; lastKnownFileType = sourcecode.swift; path = DealStateModel.swift; sourceTree = "<group>"; };
		4EC3D6C620375545007818D9 /* getir.app */ = {isa = PBXFileReference; explicitFileType = wrapper.application; includeInIndex = 0; path = getir.app; sourceTree = BUILT_PRODUCTS_DIR; };
		4EC3D6C920375545007818D9 /* AppDelegate.swift */ = {isa = PBXFileReference; lastKnownFileType = sourcecode.swift; path = AppDelegate.swift; sourceTree = "<group>"; };
		4EC3D6CE20375545007818D9 /* Base */ = {isa = PBXFileReference; lastKnownFileType = file.storyboard; name = Base; path = Base.lproj/Main.storyboard; sourceTree = "<group>"; };
		4EC3D6D020375545007818D9 /* Assets.xcassets */ = {isa = PBXFileReference; lastKnownFileType = folder.assetcatalog; path = Assets.xcassets; sourceTree = "<group>"; };
		4EC3D6D320375545007818D9 /* Base */ = {isa = PBXFileReference; lastKnownFileType = file.storyboard; name = Base; path = Base.lproj/LaunchScreen.storyboard; sourceTree = "<group>"; };
		4EC3D6D520375545007818D9 /* Info.plist */ = {isa = PBXFileReference; lastKnownFileType = text.plist.xml; path = Info.plist; sourceTree = "<group>"; };
		4EC3D6DA20375545007818D9 /* getirTests.xctest */ = {isa = PBXFileReference; explicitFileType = wrapper.cfbundle; includeInIndex = 0; path = getirTests.xctest; sourceTree = BUILT_PRODUCTS_DIR; };
		4EC3D6DE20375545007818D9 /* getirTests.swift */ = {isa = PBXFileReference; lastKnownFileType = sourcecode.swift; path = getirTests.swift; sourceTree = "<group>"; };
		4EC3D6E020375545007818D9 /* Info.plist */ = {isa = PBXFileReference; lastKnownFileType = text.plist.xml; path = Info.plist; sourceTree = "<group>"; };
		4EC3D6E520375545007818D9 /* getirUITests.xctest */ = {isa = PBXFileReference; explicitFileType = wrapper.cfbundle; includeInIndex = 0; path = getirUITests.xctest; sourceTree = BUILT_PRODUCTS_DIR; };
		4EC3D6E920375545007818D9 /* getirUITests.swift */ = {isa = PBXFileReference; lastKnownFileType = sourcecode.swift; path = getirUITests.swift; sourceTree = "<group>"; };
		4EC3D6EB20375545007818D9 /* Info.plist */ = {isa = PBXFileReference; lastKnownFileType = text.plist.xml; path = Info.plist; sourceTree = "<group>"; };
		52EE9207596A6424022A4469 /* Pods_getirUITests.framework */ = {isa = PBXFileReference; explicitFileType = wrapper.framework; includeInIndex = 0; path = Pods_getirUITests.framework; sourceTree = BUILT_PRODUCTS_DIR; };
		6B8ED7A3B9DAA4224D6332EA /* Pods_getir.framework */ = {isa = PBXFileReference; explicitFileType = wrapper.framework; includeInIndex = 0; path = Pods_getir.framework; sourceTree = BUILT_PRODUCTS_DIR; };
		7C5790C6C6200E55E22FBE9D /* Pods-getir.release.xcconfig */ = {isa = PBXFileReference; includeInIndex = 1; lastKnownFileType = text.xcconfig; name = "Pods-getir.release.xcconfig"; path = "Pods/Target Support Files/Pods-getir/Pods-getir.release.xcconfig"; sourceTree = "<group>"; };
		7EB344AE9D406087885466E9 /* Pods-getirUITests.release.xcconfig */ = {isa = PBXFileReference; includeInIndex = 1; lastKnownFileType = text.xcconfig; name = "Pods-getirUITests.release.xcconfig"; path = "Pods/Target Support Files/Pods-getirUITests/Pods-getirUITests.release.xcconfig"; sourceTree = "<group>"; };
		99EAE8E84D6294BF1971CB7C /* Pods-getirTests.debug.xcconfig */ = {isa = PBXFileReference; includeInIndex = 1; lastKnownFileType = text.xcconfig; name = "Pods-getirTests.debug.xcconfig"; path = "Pods/Target Support Files/Pods-getirTests/Pods-getirTests.debug.xcconfig"; sourceTree = "<group>"; };
		B37557D3949F4F8B60797737 /* Pods-getirUITests.debug.xcconfig */ = {isa = PBXFileReference; includeInIndex = 1; lastKnownFileType = text.xcconfig; name = "Pods-getirUITests.debug.xcconfig"; path = "Pods/Target Support Files/Pods-getirUITests/Pods-getirUITests.debug.xcconfig"; sourceTree = "<group>"; };
		D1B2878DAF5FCC6A2AC4D1F3 /* Pods_getirTests.framework */ = {isa = PBXFileReference; explicitFileType = wrapper.framework; includeInIndex = 0; path = Pods_getirTests.framework; sourceTree = BUILT_PRODUCTS_DIR; };
/* End PBXFileReference section */

/* Begin PBXFrameworksBuildPhase section */
		4EC3D6C320375545007818D9 /* Frameworks */ = {
			isa = PBXFrameworksBuildPhase;
			buildActionMask = 2147483647;
			files = (
				5EDD45658DA51CA245013D4F /* Pods_getir.framework in Frameworks */,
			);
			runOnlyForDeploymentPostprocessing = 0;
		};
		4EC3D6D720375545007818D9 /* Frameworks */ = {
			isa = PBXFrameworksBuildPhase;
			buildActionMask = 2147483647;
			files = (
				ED50645E785F033292970C47 /* Pods_getirTests.framework in Frameworks */,
			);
			runOnlyForDeploymentPostprocessing = 0;
		};
		4EC3D6E220375545007818D9 /* Frameworks */ = {
			isa = PBXFrameworksBuildPhase;
			buildActionMask = 2147483647;
			files = (
				B2C533A476E72C5A57E50F3F /* Pods_getirUITests.framework in Frameworks */,
			);
			runOnlyForDeploymentPostprocessing = 0;
		};
/* End PBXFrameworksBuildPhase section */

/* Begin PBXGroup section */
		4E92F31620375C1D0020C709 /* ViewControllers */ = {
			isa = PBXGroup;
			children = (
				4E92F373203835C70020C709 /* Selection */,
				4E92F3622037C8F50020C709 /* Filter */,
				4E92F3462037AA500020C709 /* Tabs */,
				4E92F32B203768360020C709 /* Map */,
				4E92F31C20375CA20020C709 /* Common */,
			);
			path = ViewControllers;
			sourceTree = "<group>";
		};
		4E92F31720375C220020C709 /* ViewModels */ = {
			isa = PBXGroup;
			children = (
				4E92F381203855070020C709 /* Select */,
				4E92F34D2037B1AA0020C709 /* Tab */,
				4E92F3592037C5B40020C709 /* BaseViewModel.swift */,
			);
			path = ViewModels;
			sourceTree = "<group>";
		};
		4E92F31820375C270020C709 /* Views */ = {
			isa = PBXGroup;
			children = (
				4E92F3722038285F0020C709 /* New Group */,
				4E92F3332037A0120020C709 /* Cells */,
				4E92F328203764580020C709 /* LoadingView */,
			);
			path = Views;
			sourceTree = "<group>";
		};
		4E92F31920375C2B0020C709 /* Classes */ = {
			isa = PBXGroup;
			children = (
				4E92F326203762300020C709 /* Managers */,
				4E92F3252037622B0020C709 /* Models */,
				4E92F31B20375C990020C709 /* Service */,
			);
			path = Classes;
			sourceTree = "<group>";
		};
		4E92F31B20375C990020C709 /* Service */ = {
			isa = PBXGroup;
			children = (
				4E92F31F20375CC30020C709 /* ServiceManager.swift */,
				4E92F32120375CDA0020C709 /* RequestTarget.swift */,
			);
			path = Service;
			sourceTree = "<group>";
		};
		4E92F31C20375CA20020C709 /* Common */ = {
			isa = PBXGroup;
			children = (
				4E92F31D20375CB30020C709 /* BaseViewController.swift */,
				4E92F33120379F870020C709 /* CommonTableViewController.swift */,
			);
			path = Common;
			sourceTree = "<group>";
		};
		4E92F3252037622B0020C709 /* Models */ = {
			isa = PBXGroup;
			children = (
				4E92F38B20385D7E0020C709 /* State */,
				4E92F38820385B410020C709 /* Activity */,
				4E92F3512037C3190020C709 /* UserModel.swift */,
				4E92F3542037C33A0020C709 /* BaseModel.swift */,
				4E92F323203761D10020C709 /* ResponseModel.swift */,
				4E92F3672037F0920020C709 /* FilterModel.swift */,
			);
			path = Models;
			sourceTree = "<group>";
		};
		4E92F326203762300020C709 /* Managers */ = {
			isa = PBXGroup;
			children = (
				4E92F32C203769790020C709 /* LocationManager.swift */,
				4E92F3652037F00A0020C709 /* FilterManager.swift */,
			);
			path = Managers;
			sourceTree = "<group>";
		};
		4E92F327203762390020C709 /* Extensions */ = {
			isa = PBXGroup;
			children = (
				4E92F35E2037C6320020C709 /* UIKit */,
				4E92F35D2037C62C0020C709 /* Foundation */,
			);
			path = Extensions;
			sourceTree = "<group>";
		};
		4E92F328203764580020C709 /* LoadingView */ = {
			isa = PBXGroup;
			children = (
				4E92F329203764670020C709 /* LoadingView.swift */,
			);
			path = LoadingView;
			sourceTree = "<group>";
		};
		4E92F32B203768360020C709 /* Map */ = {
			isa = PBXGroup;
			children = (
				4E92F32E20376A830020C709 /* MapViewController.swift */,
			);
			path = Map;
			sourceTree = "<group>";
		};
		4E92F3332037A0120020C709 /* Cells */ = {
			isa = PBXGroup;
			children = (
				4E92F37A2038495C0020C709 /* Request */,
				4E92F33E2037A6740020C709 /* Common */,
				4E92F3412037A8BC0020C709 /* Travel */,
				4E92F3392037A6580020C709 /* State */,
				4E92F3342037A0170020C709 /* Pack */,
			);
			path = Cells;
			sourceTree = "<group>";
		};
		4E92F3342037A0170020C709 /* Pack */ = {
			isa = PBXGroup;
			children = (
				4E92F3352037A0680020C709 /* PackTableViewCell.swift */,
				4E92F3362037A0680020C709 /* PackTableViewCell.xib */,
			);
			path = Pack;
			sourceTree = "<group>";
		};
		4E92F3392037A6580020C709 /* State */ = {
			isa = PBXGroup;
			children = (
				4E92F33A2037A6640020C709 /* StateTableViewCell.swift */,
				4E92F33B2037A6640020C709 /* StateTableViewCell.xib */,
				4E92F378203842C70020C709 /* RequestStateTableViewCell.xib */,
			);
			path = State;
			sourceTree = "<group>";
		};
		4E92F33E2037A6740020C709 /* Common */ = {
			isa = PBXGroup;
			children = (
				4E92F33F2037A6880020C709 /* CommonTableViewCell.swift */,
			);
			path = Common;
			sourceTree = "<group>";
		};
		4E92F3412037A8BC0020C709 /* Travel */ = {
			isa = PBXGroup;
			children = (
				4E92F3422037A8CD0020C709 /* TravelTableViewCell.swift */,
				4E92F3432037A8CD0020C709 /* TravelTableViewCell.xib */,
			);
			path = Travel;
			sourceTree = "<group>";
		};
		4E92F3462037AA500020C709 /* Tabs */ = {
			isa = PBXGroup;
			children = (
				4E92F3472037AA710020C709 /* PackTableViewController.swift */,
				4E92F3492037AA810020C709 /* StateTableViewController.swift */,
				4E92F34B2037AA8F0020C709 /* TravelTableViewController.swift */,
			);
			path = Tabs;
			sourceTree = "<group>";
		};
		4E92F34D2037B1AA0020C709 /* Tab */ = {
			isa = PBXGroup;
			children = (
				4E92F3562037C5800020C709 /* Pack */,
				4E92F34E2037B1CC0020C709 /* CommonCellViewModel.swift */,
			);
			path = Tab;
			sourceTree = "<group>";
		};
		4E92F3562037C5800020C709 /* Pack */ = {
			isa = PBXGroup;
			children = (
				4E92F3572037C5920020C709 /* PackTableViewModel.swift */,
				4E92F35F2037C6EE0020C709 /* PackCellViewModel.swift */,
			);
			path = Pack;
			sourceTree = "<group>";
		};
		4E92F35D2037C62C0020C709 /* Foundation */ = {
			isa = PBXGroup;
			children = (
				4E92F370203813A60020C709 /* Date.swift */,
				4E92F35B2037C6270020C709 /* String.swift */,
			);
			path = Foundation;
			sourceTree = "<group>";
		};
		4E92F35E2037C6320020C709 /* UIKit */ = {
			isa = PBXGroup;
			children = (
				4E92F36B2037FDA10020C709 /* TextField.swift */,
				4E92F3762038405E0020C709 /* UIViewController.swift */,
			);
			path = UIKit;
			sourceTree = "<group>";
		};
		4E92F3622037C8F50020C709 /* Filter */ = {
			isa = PBXGroup;
			children = (
				4E92F3632037C9190020C709 /* FilterViewController.swift */,
			);
			path = Filter;
			sourceTree = "<group>";
		};
		4E92F3722038285F0020C709 /* New Group */ = {
			isa = PBXGroup;
			children = (
			);
			path = "New Group";
			sourceTree = "<group>";
		};
		4E92F373203835C70020C709 /* Selection */ = {
			isa = PBXGroup;
			children = (
				4E92F37420383B760020C709 /* SelectRequestViewController.swift */,
			);
			path = Selection;
			sourceTree = "<group>";
		};
		4E92F37A2038495C0020C709 /* Request */ = {
			isa = PBXGroup;
			children = (
				4E92F37B2038497D0020C709 /* RequestTableViewCell.swift */,
				4E92F37C2038497D0020C709 /* RequestTableViewCell.xib */,
			);
			path = Request;
			sourceTree = "<group>";
		};
		4E92F381203855070020C709 /* Select */ = {
			isa = PBXGroup;
			children = (
				4E92F37F20384D080020C709 /* SelectRequestTableViewModel.swift */,
				4E92F3822038551A0020C709 /* SelectRequestCellViewModel.swift */,
			);
			path = Select;
			sourceTree = "<group>";
		};
		4E92F38820385B410020C709 /* Activity */ = {
			isa = PBXGroup;
			children = (
				4E92F38620385B340020C709 /* PackModel.swift */,
				4E92F384203859E20020C709 /* TravelModel.swift */,
				4E92F38920385B5A0020C709 /* ActivityModel.swift */,
			);
			path = Activity;
			sourceTree = "<group>";
		};
		4E92F38B20385D7E0020C709 /* State */ = {
			isa = PBXGroup;
			children = (
				4E92F38C20385D960020C709 /* ActivityStateModel.swift */,
				4E92F38E20385E5B0020C709 /* RequestStateModel.swift */,
				4E92F39020385FBB0020C709 /* DealStateModel.swift */,
			);
			path = State;
			sourceTree = "<group>";
		};
		4EC3D6BD20375545007818D9 = {
			isa = PBXGroup;
			children = (
				4EC3D6C820375545007818D9 /* getir */,
				4EC3D6DD20375545007818D9 /* getirTests */,
				4EC3D6E820375545007818D9 /* getirUITests */,
				4EC3D6C720375545007818D9 /* Products */,
				C3E1D675E9C5F6492C8E570C /* Pods */,
				F45E439928522B92D52F0585 /* Frameworks */,
			);
			sourceTree = "<group>";
		};
		4EC3D6C720375545007818D9 /* Products */ = {
			isa = PBXGroup;
			children = (
				4EC3D6C620375545007818D9 /* getir.app */,
				4EC3D6DA20375545007818D9 /* getirTests.xctest */,
				4EC3D6E520375545007818D9 /* getirUITests.xctest */,
			);
			name = Products;
			sourceTree = "<group>";
		};
		4EC3D6C820375545007818D9 /* getir */ = {
			isa = PBXGroup;
			children = (
				4E92F327203762390020C709 /* Extensions */,
				4E92F31920375C2B0020C709 /* Classes */,
				4E92F31820375C270020C709 /* Views */,
				4E92F31720375C220020C709 /* ViewModels */,
				4E92F31620375C1D0020C709 /* ViewControllers */,
				4EC3D6C920375545007818D9 /* AppDelegate.swift */,
				4EC3D6CD20375545007818D9 /* Main.storyboard */,
				4EC3D6D020375545007818D9 /* Assets.xcassets */,
				4EC3D6D220375545007818D9 /* LaunchScreen.storyboard */,
				4EC3D6D520375545007818D9 /* Info.plist */,
			);
			path = getir;
			sourceTree = "<group>";
		};
		4EC3D6DD20375545007818D9 /* getirTests */ = {
			isa = PBXGroup;
			children = (
				4EC3D6DE20375545007818D9 /* getirTests.swift */,
				4EC3D6E020375545007818D9 /* Info.plist */,
			);
			path = getirTests;
			sourceTree = "<group>";
		};
		4EC3D6E820375545007818D9 /* getirUITests */ = {
			isa = PBXGroup;
			children = (
				4EC3D6E920375545007818D9 /* getirUITests.swift */,
				4EC3D6EB20375545007818D9 /* Info.plist */,
			);
			path = getirUITests;
			sourceTree = "<group>";
		};
		C3E1D675E9C5F6492C8E570C /* Pods */ = {
			isa = PBXGroup;
			children = (
				3283F3AAA716C120C6514EEE /* Pods-getir.debug.xcconfig */,
				7C5790C6C6200E55E22FBE9D /* Pods-getir.release.xcconfig */,
				99EAE8E84D6294BF1971CB7C /* Pods-getirTests.debug.xcconfig */,
				23AECF9687B3F169B49DA22B /* Pods-getirTests.release.xcconfig */,
				B37557D3949F4F8B60797737 /* Pods-getirUITests.debug.xcconfig */,
				7EB344AE9D406087885466E9 /* Pods-getirUITests.release.xcconfig */,
			);
			name = Pods;
			sourceTree = "<group>";
		};
		F45E439928522B92D52F0585 /* Frameworks */ = {
			isa = PBXGroup;
			children = (
				6B8ED7A3B9DAA4224D6332EA /* Pods_getir.framework */,
				D1B2878DAF5FCC6A2AC4D1F3 /* Pods_getirTests.framework */,
				52EE9207596A6424022A4469 /* Pods_getirUITests.framework */,
			);
			name = Frameworks;
			sourceTree = "<group>";
		};
/* End PBXGroup section */

/* Begin PBXNativeTarget section */
		4EC3D6C520375545007818D9 /* getir */ = {
			isa = PBXNativeTarget;
			buildConfigurationList = 4EC3D6EE20375545007818D9 /* Build configuration list for PBXNativeTarget "getir" */;
			buildPhases = (
				90C2E082694A05525292BBD4 /* [CP] Check Pods Manifest.lock */,
				4EC3D6C220375545007818D9 /* Sources */,
				4EC3D6C320375545007818D9 /* Frameworks */,
				4EC3D6C420375545007818D9 /* Resources */,
				60B4039835204D892DA4A7FD /* [CP] Embed Pods Frameworks */,
				C949DF8B8AEE0EB3FA1DB4BF /* [CP] Copy Pods Resources */,
			);
			buildRules = (
			);
			dependencies = (
			);
			name = getir;
			productName = getir;
			productReference = 4EC3D6C620375545007818D9 /* getir.app */;
			productType = "com.apple.product-type.application";
		};
		4EC3D6D920375545007818D9 /* getirTests */ = {
			isa = PBXNativeTarget;
			buildConfigurationList = 4EC3D6F120375545007818D9 /* Build configuration list for PBXNativeTarget "getirTests" */;
			buildPhases = (
				03714FC2B877509119D27695 /* [CP] Check Pods Manifest.lock */,
				4EC3D6D620375545007818D9 /* Sources */,
				4EC3D6D720375545007818D9 /* Frameworks */,
				4EC3D6D820375545007818D9 /* Resources */,
				AC9B8F09559FA7E593B64AE6 /* [CP] Embed Pods Frameworks */,
				13615321DD23DAED511DEE56 /* [CP] Copy Pods Resources */,
			);
			buildRules = (
			);
			dependencies = (
				4EC3D6DC20375545007818D9 /* PBXTargetDependency */,
			);
			name = getirTests;
			productName = getirTests;
			productReference = 4EC3D6DA20375545007818D9 /* getirTests.xctest */;
			productType = "com.apple.product-type.bundle.unit-test";
		};
		4EC3D6E420375545007818D9 /* getirUITests */ = {
			isa = PBXNativeTarget;
			buildConfigurationList = 4EC3D6F420375545007818D9 /* Build configuration list for PBXNativeTarget "getirUITests" */;
			buildPhases = (
				32BAAA91321C695A2E2C0D0D /* [CP] Check Pods Manifest.lock */,
				4EC3D6E120375545007818D9 /* Sources */,
				4EC3D6E220375545007818D9 /* Frameworks */,
				4EC3D6E320375545007818D9 /* Resources */,
				ECD6077B88121924E885DB1D /* [CP] Embed Pods Frameworks */,
				8F913A3AFF2A1F615951C041 /* [CP] Copy Pods Resources */,
			);
			buildRules = (
			);
			dependencies = (
				4EC3D6E720375545007818D9 /* PBXTargetDependency */,
			);
			name = getirUITests;
			productName = getirUITests;
			productReference = 4EC3D6E520375545007818D9 /* getirUITests.xctest */;
			productType = "com.apple.product-type.bundle.ui-testing";
		};
/* End PBXNativeTarget section */

/* Begin PBXProject section */
		4EC3D6BE20375545007818D9 /* Project object */ = {
			isa = PBXProject;
			attributes = {
				LastSwiftUpdateCheck = 0920;
				LastUpgradeCheck = 0920;
				ORGANIZATIONNAME = cool;
				TargetAttributes = {
					4EC3D6C520375545007818D9 = {
						CreatedOnToolsVersion = 9.2;
						ProvisioningStyle = Automatic;
					};
					4EC3D6D920375545007818D9 = {
						CreatedOnToolsVersion = 9.2;
						ProvisioningStyle = Automatic;
						TestTargetID = 4EC3D6C520375545007818D9;
					};
					4EC3D6E420375545007818D9 = {
						CreatedOnToolsVersion = 9.2;
						ProvisioningStyle = Automatic;
						TestTargetID = 4EC3D6C520375545007818D9;
					};
				};
			};
			buildConfigurationList = 4EC3D6C120375545007818D9 /* Build configuration list for PBXProject "getir" */;
			compatibilityVersion = "Xcode 8.0";
			developmentRegion = en;
			hasScannedForEncodings = 0;
			knownRegions = (
				en,
				Base,
			);
			mainGroup = 4EC3D6BD20375545007818D9;
			productRefGroup = 4EC3D6C720375545007818D9 /* Products */;
			projectDirPath = "";
			projectRoot = "";
			targets = (
				4EC3D6C520375545007818D9 /* getir */,
				4EC3D6D920375545007818D9 /* getirTests */,
				4EC3D6E420375545007818D9 /* getirUITests */,
			);
		};
/* End PBXProject section */

/* Begin PBXResourcesBuildPhase section */
		4EC3D6C420375545007818D9 /* Resources */ = {
			isa = PBXResourcesBuildPhase;
			buildActionMask = 2147483647;
			files = (
				4E92F33D2037A6640020C709 /* StateTableViewCell.xib in Resources */,
				4E92F379203842C70020C709 /* RequestStateTableViewCell.xib in Resources */,
				4E92F3382037A0680020C709 /* PackTableViewCell.xib in Resources */,
				4EC3D6D420375545007818D9 /* LaunchScreen.storyboard in Resources */,
				4E92F3452037A8CD0020C709 /* TravelTableViewCell.xib in Resources */,
				4E92F37E2038497D0020C709 /* RequestTableViewCell.xib in Resources */,
				4EC3D6D120375545007818D9 /* Assets.xcassets in Resources */,
				4EC3D6CF20375545007818D9 /* Main.storyboard in Resources */,
			);
			runOnlyForDeploymentPostprocessing = 0;
		};
		4EC3D6D820375545007818D9 /* Resources */ = {
			isa = PBXResourcesBuildPhase;
			buildActionMask = 2147483647;
			files = (
			);
			runOnlyForDeploymentPostprocessing = 0;
		};
		4EC3D6E320375545007818D9 /* Resources */ = {
			isa = PBXResourcesBuildPhase;
			buildActionMask = 2147483647;
			files = (
			);
			runOnlyForDeploymentPostprocessing = 0;
		};
/* End PBXResourcesBuildPhase section */

/* Begin PBXShellScriptBuildPhase section */
		03714FC2B877509119D27695 /* [CP] Check Pods Manifest.lock */ = {
			isa = PBXShellScriptBuildPhase;
			buildActionMask = 2147483647;
			files = (
			);
			inputPaths = (
				"${PODS_PODFILE_DIR_PATH}/Podfile.lock",
				"${PODS_ROOT}/Manifest.lock",
			);
			name = "[CP] Check Pods Manifest.lock";
			outputPaths = (
				"$(DERIVED_FILE_DIR)/Pods-getirTests-checkManifestLockResult.txt",
			);
			runOnlyForDeploymentPostprocessing = 0;
			shellPath = /bin/sh;
			shellScript = "diff \"${PODS_PODFILE_DIR_PATH}/Podfile.lock\" \"${PODS_ROOT}/Manifest.lock\" > /dev/null\nif [ $? != 0 ] ; then\n    # print error to STDERR\n    echo \"error: The sandbox is not in sync with the Podfile.lock. Run 'pod install' or update your CocoaPods installation.\" >&2\n    exit 1\nfi\n# This output is used by Xcode 'outputs' to avoid re-running this script phase.\necho \"SUCCESS\" > \"${SCRIPT_OUTPUT_FILE_0}\"\n";
			showEnvVarsInLog = 0;
		};
		13615321DD23DAED511DEE56 /* [CP] Copy Pods Resources */ = {
			isa = PBXShellScriptBuildPhase;
			buildActionMask = 2147483647;
			files = (
			);
			inputPaths = (
			);
			name = "[CP] Copy Pods Resources";
			outputPaths = (
			);
			runOnlyForDeploymentPostprocessing = 0;
			shellPath = /bin/sh;
			shellScript = "\"${SRCROOT}/Pods/Target Support Files/Pods-getirTests/Pods-getirTests-resources.sh\"\n";
			showEnvVarsInLog = 0;
		};
		32BAAA91321C695A2E2C0D0D /* [CP] Check Pods Manifest.lock */ = {
			isa = PBXShellScriptBuildPhase;
			buildActionMask = 2147483647;
			files = (
			);
			inputPaths = (
				"${PODS_PODFILE_DIR_PATH}/Podfile.lock",
				"${PODS_ROOT}/Manifest.lock",
			);
			name = "[CP] Check Pods Manifest.lock";
			outputPaths = (
				"$(DERIVED_FILE_DIR)/Pods-getirUITests-checkManifestLockResult.txt",
			);
			runOnlyForDeploymentPostprocessing = 0;
			shellPath = /bin/sh;
			shellScript = "diff \"${PODS_PODFILE_DIR_PATH}/Podfile.lock\" \"${PODS_ROOT}/Manifest.lock\" > /dev/null\nif [ $? != 0 ] ; then\n    # print error to STDERR\n    echo \"error: The sandbox is not in sync with the Podfile.lock. Run 'pod install' or update your CocoaPods installation.\" >&2\n    exit 1\nfi\n# This output is used by Xcode 'outputs' to avoid re-running this script phase.\necho \"SUCCESS\" > \"${SCRIPT_OUTPUT_FILE_0}\"\n";
			showEnvVarsInLog = 0;
		};
		60B4039835204D892DA4A7FD /* [CP] Embed Pods Frameworks */ = {
			isa = PBXShellScriptBuildPhase;
			buildActionMask = 2147483647;
			files = (
			);
			inputPaths = (
				"${SRCROOT}/Pods/Target Support Files/Pods-getir/Pods-getir-frameworks.sh",
				"${BUILT_PRODUCTS_DIR}/Alamofire/Alamofire.framework",
				"${BUILT_PRODUCTS_DIR}/AlamofireImage/AlamofireImage.framework",
				"${BUILT_PRODUCTS_DIR}/Moya/Moya.framework",
				"${BUILT_PRODUCTS_DIR}/ObjectMapper/ObjectMapper.framework",
				"${BUILT_PRODUCTS_DIR}/Result/Result.framework",
			);
			name = "[CP] Embed Pods Frameworks";
			outputPaths = (
				"${TARGET_BUILD_DIR}/${FRAMEWORKS_FOLDER_PATH}/Alamofire.framework",
				"${TARGET_BUILD_DIR}/${FRAMEWORKS_FOLDER_PATH}/AlamofireImage.framework",
				"${TARGET_BUILD_DIR}/${FRAMEWORKS_FOLDER_PATH}/Moya.framework",
				"${TARGET_BUILD_DIR}/${FRAMEWORKS_FOLDER_PATH}/ObjectMapper.framework",
				"${TARGET_BUILD_DIR}/${FRAMEWORKS_FOLDER_PATH}/Result.framework",
			);
			runOnlyForDeploymentPostprocessing = 0;
			shellPath = /bin/sh;
			shellScript = "\"${SRCROOT}/Pods/Target Support Files/Pods-getir/Pods-getir-frameworks.sh\"\n";
			showEnvVarsInLog = 0;
		};
		8F913A3AFF2A1F615951C041 /* [CP] Copy Pods Resources */ = {
			isa = PBXShellScriptBuildPhase;
			buildActionMask = 2147483647;
			files = (
			);
			inputPaths = (
			);
			name = "[CP] Copy Pods Resources";
			outputPaths = (
			);
			runOnlyForDeploymentPostprocessing = 0;
			shellPath = /bin/sh;
			shellScript = "\"${SRCROOT}/Pods/Target Support Files/Pods-getirUITests/Pods-getirUITests-resources.sh\"\n";
			showEnvVarsInLog = 0;
		};
		90C2E082694A05525292BBD4 /* [CP] Check Pods Manifest.lock */ = {
			isa = PBXShellScriptBuildPhase;
			buildActionMask = 2147483647;
			files = (
			);
			inputPaths = (
				"${PODS_PODFILE_DIR_PATH}/Podfile.lock",
				"${PODS_ROOT}/Manifest.lock",
			);
			name = "[CP] Check Pods Manifest.lock";
			outputPaths = (
				"$(DERIVED_FILE_DIR)/Pods-getir-checkManifestLockResult.txt",
			);
			runOnlyForDeploymentPostprocessing = 0;
			shellPath = /bin/sh;
			shellScript = "diff \"${PODS_PODFILE_DIR_PATH}/Podfile.lock\" \"${PODS_ROOT}/Manifest.lock\" > /dev/null\nif [ $? != 0 ] ; then\n    # print error to STDERR\n    echo \"error: The sandbox is not in sync with the Podfile.lock. Run 'pod install' or update your CocoaPods installation.\" >&2\n    exit 1\nfi\n# This output is used by Xcode 'outputs' to avoid re-running this script phase.\necho \"SUCCESS\" > \"${SCRIPT_OUTPUT_FILE_0}\"\n";
			showEnvVarsInLog = 0;
		};
		AC9B8F09559FA7E593B64AE6 /* [CP] Embed Pods Frameworks */ = {
			isa = PBXShellScriptBuildPhase;
			buildActionMask = 2147483647;
			files = (
			);
			inputPaths = (
			);
			name = "[CP] Embed Pods Frameworks";
			outputPaths = (
			);
			runOnlyForDeploymentPostprocessing = 0;
			shellPath = /bin/sh;
			shellScript = "\"${SRCROOT}/Pods/Target Support Files/Pods-getirTests/Pods-getirTests-frameworks.sh\"\n";
			showEnvVarsInLog = 0;
		};
		C949DF8B8AEE0EB3FA1DB4BF /* [CP] Copy Pods Resources */ = {
			isa = PBXShellScriptBuildPhase;
			buildActionMask = 2147483647;
			files = (
			);
			inputPaths = (
				"${SRCROOT}/Pods/Target Support Files/Pods-getir/Pods-getir-resources.sh",
				"${PODS_ROOT}/GoogleMaps/Maps/Frameworks/GoogleMaps.framework/Resources/GoogleMaps.bundle",
				"${PODS_ROOT}/GooglePlacePicker/Frameworks/GooglePlacePicker.framework/Resources/GooglePlacePicker.bundle",
				"${PODS_ROOT}/GooglePlaces/Frameworks/GooglePlaces.framework/Resources/GooglePlaces.bundle",
			);
			name = "[CP] Copy Pods Resources";
			outputPaths = (
				"${TARGET_BUILD_DIR}/${UNLOCALIZED_RESOURCES_FOLDER_PATH}",
			);
			runOnlyForDeploymentPostprocessing = 0;
			shellPath = /bin/sh;
			shellScript = "\"${SRCROOT}/Pods/Target Support Files/Pods-getir/Pods-getir-resources.sh\"\n";
			showEnvVarsInLog = 0;
		};
		ECD6077B88121924E885DB1D /* [CP] Embed Pods Frameworks */ = {
			isa = PBXShellScriptBuildPhase;
			buildActionMask = 2147483647;
			files = (
			);
			inputPaths = (
			);
			name = "[CP] Embed Pods Frameworks";
			outputPaths = (
			);
			runOnlyForDeploymentPostprocessing = 0;
			shellPath = /bin/sh;
			shellScript = "\"${SRCROOT}/Pods/Target Support Files/Pods-getirUITests/Pods-getirUITests-frameworks.sh\"\n";
			showEnvVarsInLog = 0;
		};
/* End PBXShellScriptBuildPhase section */

/* Begin PBXSourcesBuildPhase section */
		4EC3D6C220375545007818D9 /* Sources */ = {
			isa = PBXSourcesBuildPhase;
			buildActionMask = 2147483647;
			files = (
				4E92F34A2037AA810020C709 /* StateTableViewController.swift in Sources */,
				4E92F371203813A60020C709 /* Date.swift in Sources */,
				4E92F3482037AA710020C709 /* PackTableViewController.swift in Sources */,
				4E92F385203859E20020C709 /* TravelModel.swift in Sources */,
				4E92F3602037C6EE0020C709 /* PackCellViewModel.swift in Sources */,
				4E92F36C2037FDA10020C709 /* TextField.swift in Sources */,
				4E92F3582037C5920020C709 /* PackTableViewModel.swift in Sources */,
				4E92F3832038551A0020C709 /* SelectRequestCellViewModel.swift in Sources */,
				4E92F3402037A6880020C709 /* CommonTableViewCell.swift in Sources */,
				4E92F37520383B760020C709 /* SelectRequestViewController.swift in Sources */,
				4E92F33C2037A6640020C709 /* StateTableViewCell.swift in Sources */,
				4E92F32020375CC30020C709 /* ServiceManager.swift in Sources */,
				4E92F39120385FBB0020C709 /* DealStateModel.swift in Sources */,
				4EC3D6CA20375545007818D9 /* AppDelegate.swift in Sources */,
				4E92F32220375CDA0020C709 /* RequestTarget.swift in Sources */,
				4E92F38D20385D960020C709 /* ActivityStateModel.swift in Sources */,
				4E92F32D203769790020C709 /* LocationManager.swift in Sources */,
				4E92F37D2038497D0020C709 /* RequestTableViewCell.swift in Sources */,
				4E92F33220379F870020C709 /* CommonTableViewController.swift in Sources */,
				4E92F3772038405E0020C709 /* UIViewController.swift in Sources */,
				4E92F3682037F0920020C709 /* FilterModel.swift in Sources */,
				4E92F34F2037B1CC0020C709 /* CommonCellViewModel.swift in Sources */,
				4E92F38A20385B5A0020C709 /* ActivityModel.swift in Sources */,
				4E92F31E20375CB30020C709 /* BaseViewController.swift in Sources */,
				4E92F3642037C9190020C709 /* FilterViewController.swift in Sources */,
				4E92F35C2037C6270020C709 /* String.swift in Sources */,
				4E92F3662037F00A0020C709 /* FilterManager.swift in Sources */,
				4E92F324203761D10020C709 /* ResponseModel.swift in Sources */,
				4E92F3442037A8CD0020C709 /* TravelTableViewCell.swift in Sources */,
				4E92F38020384D080020C709 /* SelectRequestTableViewModel.swift in Sources */,
				4E92F32A203764670020C709 /* LoadingView.swift in Sources */,
				4E92F3522037C3190020C709 /* UserModel.swift in Sources */,
				4E92F3372037A0680020C709 /* PackTableViewCell.swift in Sources */,
				4E92F35A2037C5B40020C709 /* BaseViewModel.swift in Sources */,
				4E92F38F20385E5B0020C709 /* RequestStateModel.swift in Sources */,
				4E92F3552037C33A0020C709 /* BaseModel.swift in Sources */,
				4E92F32F20376A830020C709 /* MapViewController.swift in Sources */,
				4E92F38720385B340020C709 /* PackModel.swift in Sources */,
				4E92F34C2037AA8F0020C709 /* TravelTableViewController.swift in Sources */,
			);
			runOnlyForDeploymentPostprocessing = 0;
		};
		4EC3D6D620375545007818D9 /* Sources */ = {
			isa = PBXSourcesBuildPhase;
			buildActionMask = 2147483647;
			files = (
				4EC3D6DF20375545007818D9 /* getirTests.swift in Sources */,
			);
			runOnlyForDeploymentPostprocessing = 0;
		};
		4EC3D6E120375545007818D9 /* Sources */ = {
			isa = PBXSourcesBuildPhase;
			buildActionMask = 2147483647;
			files = (
				4EC3D6EA20375545007818D9 /* getirUITests.swift in Sources */,
			);
			runOnlyForDeploymentPostprocessing = 0;
		};
/* End PBXSourcesBuildPhase section */

/* Begin PBXTargetDependency section */
		4EC3D6DC20375545007818D9 /* PBXTargetDependency */ = {
			isa = PBXTargetDependency;
			target = 4EC3D6C520375545007818D9 /* getir */;
			targetProxy = 4EC3D6DB20375545007818D9 /* PBXContainerItemProxy */;
		};
		4EC3D6E720375545007818D9 /* PBXTargetDependency */ = {
			isa = PBXTargetDependency;
			target = 4EC3D6C520375545007818D9 /* getir */;
			targetProxy = 4EC3D6E620375545007818D9 /* PBXContainerItemProxy */;
		};
/* End PBXTargetDependency section */

/* Begin PBXVariantGroup section */
		4EC3D6CD20375545007818D9 /* Main.storyboard */ = {
			isa = PBXVariantGroup;
			children = (
				4EC3D6CE20375545007818D9 /* Base */,
			);
			name = Main.storyboard;
			sourceTree = "<group>";
		};
		4EC3D6D220375545007818D9 /* LaunchScreen.storyboard */ = {
			isa = PBXVariantGroup;
			children = (
				4EC3D6D320375545007818D9 /* Base */,
			);
			name = LaunchScreen.storyboard;
			sourceTree = "<group>";
		};
/* End PBXVariantGroup section */

/* Begin XCBuildConfiguration section */
		4EC3D6EC20375545007818D9 /* Debug */ = {
			isa = XCBuildConfiguration;
			buildSettings = {
				ALWAYS_SEARCH_USER_PATHS = NO;
				CLANG_ANALYZER_NONNULL = YES;
				CLANG_ANALYZER_NUMBER_OBJECT_CONVERSION = YES_AGGRESSIVE;
				CLANG_CXX_LANGUAGE_STANDARD = "gnu++14";
				CLANG_CXX_LIBRARY = "libc++";
				CLANG_ENABLE_MODULES = YES;
				CLANG_ENABLE_OBJC_ARC = YES;
				CLANG_WARN_BLOCK_CAPTURE_AUTORELEASING = YES;
				CLANG_WARN_BOOL_CONVERSION = YES;
				CLANG_WARN_COMMA = YES;
				CLANG_WARN_CONSTANT_CONVERSION = YES;
				CLANG_WARN_DIRECT_OBJC_ISA_USAGE = YES_ERROR;
				CLANG_WARN_DOCUMENTATION_COMMENTS = YES;
				CLANG_WARN_EMPTY_BODY = YES;
				CLANG_WARN_ENUM_CONVERSION = YES;
				CLANG_WARN_INFINITE_RECURSION = YES;
				CLANG_WARN_INT_CONVERSION = YES;
				CLANG_WARN_NON_LITERAL_NULL_CONVERSION = YES;
				CLANG_WARN_OBJC_LITERAL_CONVERSION = YES;
				CLANG_WARN_OBJC_ROOT_CLASS = YES_ERROR;
				CLANG_WARN_RANGE_LOOP_ANALYSIS = YES;
				CLANG_WARN_STRICT_PROTOTYPES = YES;
				CLANG_WARN_SUSPICIOUS_MOVE = YES;
				CLANG_WARN_UNGUARDED_AVAILABILITY = YES_AGGRESSIVE;
				CLANG_WARN_UNREACHABLE_CODE = YES;
				CLANG_WARN__DUPLICATE_METHOD_MATCH = YES;
				CODE_SIGN_IDENTITY = "iPhone Developer";
				COPY_PHASE_STRIP = NO;
				DEBUG_INFORMATION_FORMAT = dwarf;
				ENABLE_STRICT_OBJC_MSGSEND = YES;
				ENABLE_TESTABILITY = YES;
				GCC_C_LANGUAGE_STANDARD = gnu11;
				GCC_DYNAMIC_NO_PIC = NO;
				GCC_NO_COMMON_BLOCKS = YES;
				GCC_OPTIMIZATION_LEVEL = 0;
				GCC_PREPROCESSOR_DEFINITIONS = (
					"DEBUG=1",
					"$(inherited)",
				);
				GCC_WARN_64_TO_32_BIT_CONVERSION = YES;
				GCC_WARN_ABOUT_RETURN_TYPE = YES_ERROR;
				GCC_WARN_UNDECLARED_SELECTOR = YES;
				GCC_WARN_UNINITIALIZED_AUTOS = YES_AGGRESSIVE;
				GCC_WARN_UNUSED_FUNCTION = YES;
				GCC_WARN_UNUSED_VARIABLE = YES;
				IPHONEOS_DEPLOYMENT_TARGET = 9.3;
				MTL_ENABLE_DEBUG_INFO = YES;
				ONLY_ACTIVE_ARCH = YES;
				SDKROOT = iphoneos;
				SWIFT_ACTIVE_COMPILATION_CONDITIONS = DEBUG;
				SWIFT_OPTIMIZATION_LEVEL = "-Onone";
			};
			name = Debug;
		};
		4EC3D6ED20375545007818D9 /* Release */ = {
			isa = XCBuildConfiguration;
			buildSettings = {
				ALWAYS_SEARCH_USER_PATHS = NO;
				CLANG_ANALYZER_NONNULL = YES;
				CLANG_ANALYZER_NUMBER_OBJECT_CONVERSION = YES_AGGRESSIVE;
				CLANG_CXX_LANGUAGE_STANDARD = "gnu++14";
				CLANG_CXX_LIBRARY = "libc++";
				CLANG_ENABLE_MODULES = YES;
				CLANG_ENABLE_OBJC_ARC = YES;
				CLANG_WARN_BLOCK_CAPTURE_AUTORELEASING = YES;
				CLANG_WARN_BOOL_CONVERSION = YES;
				CLANG_WARN_COMMA = YES;
				CLANG_WARN_CONSTANT_CONVERSION = YES;
				CLANG_WARN_DIRECT_OBJC_ISA_USAGE = YES_ERROR;
				CLANG_WARN_DOCUMENTATION_COMMENTS = YES;
				CLANG_WARN_EMPTY_BODY = YES;
				CLANG_WARN_ENUM_CONVERSION = YES;
				CLANG_WARN_INFINITE_RECURSION = YES;
				CLANG_WARN_INT_CONVERSION = YES;
				CLANG_WARN_NON_LITERAL_NULL_CONVERSION = YES;
				CLANG_WARN_OBJC_LITERAL_CONVERSION = YES;
				CLANG_WARN_OBJC_ROOT_CLASS = YES_ERROR;
				CLANG_WARN_RANGE_LOOP_ANALYSIS = YES;
				CLANG_WARN_STRICT_PROTOTYPES = YES;
				CLANG_WARN_SUSPICIOUS_MOVE = YES;
				CLANG_WARN_UNGUARDED_AVAILABILITY = YES_AGGRESSIVE;
				CLANG_WARN_UNREACHABLE_CODE = YES;
				CLANG_WARN__DUPLICATE_METHOD_MATCH = YES;
				CODE_SIGN_IDENTITY = "iPhone Developer";
				COPY_PHASE_STRIP = NO;
				DEBUG_INFORMATION_FORMAT = "dwarf-with-dsym";
				ENABLE_NS_ASSERTIONS = NO;
				ENABLE_STRICT_OBJC_MSGSEND = YES;
				GCC_C_LANGUAGE_STANDARD = gnu11;
				GCC_NO_COMMON_BLOCKS = YES;
				GCC_WARN_64_TO_32_BIT_CONVERSION = YES;
				GCC_WARN_ABOUT_RETURN_TYPE = YES_ERROR;
				GCC_WARN_UNDECLARED_SELECTOR = YES;
				GCC_WARN_UNINITIALIZED_AUTOS = YES_AGGRESSIVE;
				GCC_WARN_UNUSED_FUNCTION = YES;
				GCC_WARN_UNUSED_VARIABLE = YES;
				IPHONEOS_DEPLOYMENT_TARGET = 9.3;
				MTL_ENABLE_DEBUG_INFO = NO;
				SDKROOT = iphoneos;
				SWIFT_OPTIMIZATION_LEVEL = "-Owholemodule";
				VALIDATE_PRODUCT = YES;
			};
			name = Release;
		};
		4EC3D6EF20375545007818D9 /* Debug */ = {
			isa = XCBuildConfiguration;
			baseConfigurationReference = 3283F3AAA716C120C6514EEE /* Pods-getir.debug.xcconfig */;
			buildSettings = {
				ASSETCATALOG_COMPILER_APPICON_NAME = AppIcon;
				CODE_SIGN_STYLE = Automatic;
				DEVELOPMENT_TEAM = AGEQK67NW9;
				INFOPLIST_FILE = getir/Info.plist;
				LD_RUNPATH_SEARCH_PATHS = "$(inherited) @executable_path/Frameworks";
				PRODUCT_BUNDLE_IDENTIFIER = com.cool.hackathon.getir;
				PRODUCT_NAME = "$(TARGET_NAME)";
				SWIFT_VERSION = 4.0;
				TARGETED_DEVICE_FAMILY = 1;
			};
			name = Debug;
		};
		4EC3D6F020375545007818D9 /* Release */ = {
			isa = XCBuildConfiguration;
			baseConfigurationReference = 7C5790C6C6200E55E22FBE9D /* Pods-getir.release.xcconfig */;
			buildSettings = {
				ASSETCATALOG_COMPILER_APPICON_NAME = AppIcon;
				CODE_SIGN_STYLE = Automatic;
				DEVELOPMENT_TEAM = AGEQK67NW9;
				INFOPLIST_FILE = getir/Info.plist;
				LD_RUNPATH_SEARCH_PATHS = "$(inherited) @executable_path/Frameworks";
				PRODUCT_BUNDLE_IDENTIFIER = com.cool.hackathon.getir;
				PRODUCT_NAME = "$(TARGET_NAME)";
				SWIFT_VERSION = 4.0;
				TARGETED_DEVICE_FAMILY = 1;
			};
			name = Release;
		};
		4EC3D6F220375545007818D9 /* Debug */ = {
			isa = XCBuildConfiguration;
			baseConfigurationReference = 99EAE8E84D6294BF1971CB7C /* Pods-getirTests.debug.xcconfig */;
			buildSettings = {
				ALWAYS_EMBED_SWIFT_STANDARD_LIBRARIES = YES;
				BUNDLE_LOADER = "$(TEST_HOST)";
				CODE_SIGN_STYLE = Automatic;
				DEVELOPMENT_TEAM = AGEQK67NW9;
				INFOPLIST_FILE = getirTests/Info.plist;
				LD_RUNPATH_SEARCH_PATHS = "$(inherited) @executable_path/Frameworks @loader_path/Frameworks";
				PRODUCT_BUNDLE_IDENTIFIER = com.cool.hackathon.getirTests;
				PRODUCT_NAME = "$(TARGET_NAME)";
				SWIFT_VERSION = 4.0;
				TARGETED_DEVICE_FAMILY = "1,2";
				TEST_HOST = "$(BUILT_PRODUCTS_DIR)/getir.app/getir";
			};
			name = Debug;
		};
		4EC3D6F320375545007818D9 /* Release */ = {
			isa = XCBuildConfiguration;
			baseConfigurationReference = 23AECF9687B3F169B49DA22B /* Pods-getirTests.release.xcconfig */;
			buildSettings = {
				ALWAYS_EMBED_SWIFT_STANDARD_LIBRARIES = YES;
				BUNDLE_LOADER = "$(TEST_HOST)";
				CODE_SIGN_STYLE = Automatic;
				DEVELOPMENT_TEAM = AGEQK67NW9;
				INFOPLIST_FILE = getirTests/Info.plist;
				LD_RUNPATH_SEARCH_PATHS = "$(inherited) @executable_path/Frameworks @loader_path/Frameworks";
				PRODUCT_BUNDLE_IDENTIFIER = com.cool.hackathon.getirTests;
				PRODUCT_NAME = "$(TARGET_NAME)";
				SWIFT_VERSION = 4.0;
				TARGETED_DEVICE_FAMILY = "1,2";
				TEST_HOST = "$(BUILT_PRODUCTS_DIR)/getir.app/getir";
			};
			name = Release;
		};
		4EC3D6F520375545007818D9 /* Debug */ = {
			isa = XCBuildConfiguration;
			baseConfigurationReference = B37557D3949F4F8B60797737 /* Pods-getirUITests.debug.xcconfig */;
			buildSettings = {
				ALWAYS_EMBED_SWIFT_STANDARD_LIBRARIES = YES;
				CODE_SIGN_STYLE = Automatic;
				DEVELOPMENT_TEAM = AGEQK67NW9;
				INFOPLIST_FILE = getirUITests/Info.plist;
				LD_RUNPATH_SEARCH_PATHS = "$(inherited) @executable_path/Frameworks @loader_path/Frameworks";
				PRODUCT_BUNDLE_IDENTIFIER = com.cool.hackathon.getirUITests;
				PRODUCT_NAME = "$(TARGET_NAME)";
				SWIFT_VERSION = 4.0;
				TARGETED_DEVICE_FAMILY = "1,2";
				TEST_TARGET_NAME = getir;
			};
			name = Debug;
		};
		4EC3D6F620375545007818D9 /* Release */ = {
			isa = XCBuildConfiguration;
			baseConfigurationReference = 7EB344AE9D406087885466E9 /* Pods-getirUITests.release.xcconfig */;
			buildSettings = {
				ALWAYS_EMBED_SWIFT_STANDARD_LIBRARIES = YES;
				CODE_SIGN_STYLE = Automatic;
				DEVELOPMENT_TEAM = AGEQK67NW9;
				INFOPLIST_FILE = getirUITests/Info.plist;
				LD_RUNPATH_SEARCH_PATHS = "$(inherited) @executable_path/Frameworks @loader_path/Frameworks";
				PRODUCT_BUNDLE_IDENTIFIER = com.cool.hackathon.getirUITests;
				PRODUCT_NAME = "$(TARGET_NAME)";
				SWIFT_VERSION = 4.0;
				TARGETED_DEVICE_FAMILY = "1,2";
				TEST_TARGET_NAME = getir;
			};
			name = Release;
		};
/* End XCBuildConfiguration section */

/* Begin XCConfigurationList section */
		4EC3D6C120375545007818D9 /* Build configuration list for PBXProject "getir" */ = {
			isa = XCConfigurationList;
			buildConfigurations = (
				4EC3D6EC20375545007818D9 /* Debug */,
				4EC3D6ED20375545007818D9 /* Release */,
			);
			defaultConfigurationIsVisible = 0;
			defaultConfigurationName = Release;
		};
		4EC3D6EE20375545007818D9 /* Build configuration list for PBXNativeTarget "getir" */ = {
			isa = XCConfigurationList;
			buildConfigurations = (
				4EC3D6EF20375545007818D9 /* Debug */,
				4EC3D6F020375545007818D9 /* Release */,
			);
			defaultConfigurationIsVisible = 0;
			defaultConfigurationName = Release;
		};
		4EC3D6F120375545007818D9 /* Build configuration list for PBXNativeTarget "getirTests" */ = {
			isa = XCConfigurationList;
			buildConfigurations = (
				4EC3D6F220375545007818D9 /* Debug */,
				4EC3D6F320375545007818D9 /* Release */,
			);
			defaultConfigurationIsVisible = 0;
			defaultConfigurationName = Release;
		};
		4EC3D6F420375545007818D9 /* Build configuration list for PBXNativeTarget "getirUITests" */ = {
			isa = XCConfigurationList;
			buildConfigurations = (
				4EC3D6F520375545007818D9 /* Debug */,
				4EC3D6F620375545007818D9 /* Release */,
			);
			defaultConfigurationIsVisible = 0;
			defaultConfigurationName = Release;
		};
/* End XCConfigurationList section */
	};
	rootObject = 4EC3D6BE20375545007818D9 /* Project object */;
}
